
Microsoft Visual Studio Solution File, Format Version 12.00
# Visual Studio Version 17
VisualStudioVersion = 17.3.32819.101
MinimumVisualStudioVersion = 10.0.40219.1
Project("{FAE04EC0-301F-11D3-BF4B-00C04F79EFBC}") = "Assignment2", "Assignment2\Assignment2.csproj", "{4AE47740-6C20-4BBB-A9D5-DC2B77792EEF}"
EndProject
Global
	GlobalSection(SolutionConfigurationPlatforms) = preSolution
		Debug|Any CPU = Debug|Any CPU
		Release|Any CPU = Release|Any CPU
	EndGlobalSection
	GlobalSection(ProjectConfigurationPlatforms) = postSolution
		{4AE47740-6C20-4BBB-A9D5-DC2B77792EEF}.Debug|Any CPU.ActiveCfg = Debug|Any CPU
		{4AE47740-6C20-4BBB-A9D5-DC2B77792EEF}.Debug|Any CPU.Build.0 = Debug|Any CPU
		{4AE47740-6C20-4BBB-A9D5-DC2B77792EEF}.Release|Any CPU.ActiveCfg = Release|Any CPU
		{4AE47740-6C20-4BBB-A9D5-DC2B77792EEF}.Release|Any CPU.Build.0 = Release|Any CPU
	EndGlobalSection
	GlobalSection(SolutionProperties) = preSolution
		HideSolutionNode = FALSE
	EndGlobalSection
	GlobalSection(ExtensibilityGlobals) = postSolution
		SolutionGuid = {EAC47DEB-B8F0-46AC-9DF8-D4369E5E93AE}
	EndGlobalSection
EndGlobal
